
Microsoft Visual Studio Solution File, Format Version 12.00
# Visual Studio Version 17
VisualStudioVersion = 17.8.34601.278
MinimumVisualStudioVersion = 10.0.40219.1
Project("{9A19103F-16F7-4668-BE54-9A1E7A4F7556}") = "DanCook.Interface", "DanCook.Interface\DanCook.Interface.csproj", "{9E8D9462-CFB8-4641-A83E-F3670DC84798}"
EndProject
Project("{9A19103F-16F7-4668-BE54-9A1E7A4F7556}") = "DanCook.Metier", "DanCook.Metier\DanCook.Metier.csproj", "{CB6970EE-2D40-456E-9D16-D5B336059D74}"
EndProject
Project("{9A19103F-16F7-4668-BE54-9A1E7A4F7556}") = "DanCook.Donnees", "DanCook.Donnees\DanCook.Donnees.csproj", "{3EE0B291-46EF-40E4-A0F2-DEE367D8F8D5}"
EndProject
Project("{9A19103F-16F7-4668-BE54-9A1E7A4F7556}") = "DanCook.Commun", "DanCook.Commun\DanCook.Commun.csproj", "{E034C11F-A058-4892-868A-BF11765F8F27}"
EndProject
Project("{2150E333-8FDC-42A3-9474-1A3956D46DE8}") = "Principal", "Principal", "{D609F9CB-B9D7-4046-8C26-FF2446EEA6F4}"
EndProject
Project("{2150E333-8FDC-42A3-9474-1A3956D46DE8}") = "Cours", "Cours", "{403CBDBD-D89C-4491-8B34-2A0EC9547BF5}"
EndProject
Project("{9A19103F-16F7-4668-BE54-9A1E7A4F7556}") = "1_Static", "1_Static\1_Static.csproj", "{E742AE30-1937-40F7-B459-5C3D70D600E6}"
EndProject
Project("{9A19103F-16F7-4668-BE54-9A1E7A4F7556}") = "2_Enum", "2_Enum\2_Enum.csproj", "{BD4E1ACF-8AAF-450F-BAF7-FA7BD65F7100}"
EndProject
Project("{9A19103F-16F7-4668-BE54-9A1E7A4F7556}") = "3_Type_Valeur_Reference", "4_Demo_Type_Reference\3_Type_Valeur_Reference.csproj", "{9E3495DB-F8FC-470E-9D3A-95F49AFE3B20}"
EndProject
Project("{9A19103F-16F7-4668-BE54-9A1E7A4F7556}") = "4_Accès_aux_données", "4_Accès_aux_données\4_Accès_aux_données.csproj", "{0A464FF3-D7FB-4BD7-970D-89AFDF39C6C5}"
EndProject
Project("{9A19103F-16F7-4668-BE54-9A1E7A4F7556}") = "5_Try_Catch_Finally", "5_Try_Catch\5_Try_Catch_Finally.csproj", "{6766DFEA-E7CF-4E97-9E11-A43593E08CF1}"
EndProject
Project("{FAE04EC0-301F-11D3-BF4B-00C04F79EFBC}") = "6_Regex", "#6_Regex\6_Regex.csproj", "{E0148CBB-943D-4101-B95B-A371F70728FE}"
EndProject
Global
	GlobalSection(SolutionConfigurationPlatforms) = preSolution
		Debug|Any CPU = Debug|Any CPU
		Release|Any CPU = Release|Any CPU
	EndGlobalSection
	GlobalSection(ProjectConfigurationPlatforms) = postSolution
		{9E8D9462-CFB8-4641-A83E-F3670DC84798}.Debug|Any CPU.ActiveCfg = Debug|Any CPU
		{9E8D9462-CFB8-4641-A83E-F3670DC84798}.Debug|Any CPU.Build.0 = Debug|Any CPU
		{9E8D9462-CFB8-4641-A83E-F3670DC84798}.Release|Any CPU.ActiveCfg = Release|Any CPU
		{9E8D9462-CFB8-4641-A83E-F3670DC84798}.Release|Any CPU.Build.0 = Release|Any CPU
		{CB6970EE-2D40-456E-9D16-D5B336059D74}.Debug|Any CPU.ActiveCfg = Debug|Any CPU
		{CB6970EE-2D40-456E-9D16-D5B336059D74}.Debug|Any CPU.Build.0 = Debug|Any CPU
		{CB6970EE-2D40-456E-9D16-D5B336059D74}.Release|Any CPU.ActiveCfg = Release|Any CPU
		{CB6970EE-2D40-456E-9D16-D5B336059D74}.Release|Any CPU.Build.0 = Release|Any CPU
		{3EE0B291-46EF-40E4-A0F2-DEE367D8F8D5}.Debug|Any CPU.ActiveCfg = Debug|Any CPU
		{3EE0B291-46EF-40E4-A0F2-DEE367D8F8D5}.Debug|Any CPU.Build.0 = Debug|Any CPU
		{3EE0B291-46EF-40E4-A0F2-DEE367D8F8D5}.Release|Any CPU.ActiveCfg = Release|Any CPU
		{3EE0B291-46EF-40E4-A0F2-DEE367D8F8D5}.Release|Any CPU.Build.0 = Release|Any CPU
		{E034C11F-A058-4892-868A-BF11765F8F27}.Debug|Any CPU.ActiveCfg = Debug|Any CPU
		{E034C11F-A058-4892-868A-BF11765F8F27}.Debug|Any CPU.Build.0 = Debug|Any CPU
		{E034C11F-A058-4892-868A-BF11765F8F27}.Release|Any CPU.ActiveCfg = Release|Any CPU
		{E034C11F-A058-4892-868A-BF11765F8F27}.Release|Any CPU.Build.0 = Release|Any CPU
		{E742AE30-1937-40F7-B459-5C3D70D600E6}.Debug|Any CPU.ActiveCfg = Debug|Any CPU
		{E742AE30-1937-40F7-B459-5C3D70D600E6}.Debug|Any CPU.Build.0 = Debug|Any CPU
		{E742AE30-1937-40F7-B459-5C3D70D600E6}.Release|Any CPU.ActiveCfg = Release|Any CPU
		{E742AE30-1937-40F7-B459-5C3D70D600E6}.Release|Any CPU.Build.0 = Release|Any CPU
		{BD4E1ACF-8AAF-450F-BAF7-FA7BD65F7100}.Debug|Any CPU.ActiveCfg = Debug|Any CPU
		{BD4E1ACF-8AAF-450F-BAF7-FA7BD65F7100}.Debug|Any CPU.Build.0 = Debug|Any CPU
		{BD4E1ACF-8AAF-450F-BAF7-FA7BD65F7100}.Release|Any CPU.ActiveCfg = Release|Any CPU
		{BD4E1ACF-8AAF-450F-BAF7-FA7BD65F7100}.Release|Any CPU.Build.0 = Release|Any CPU
		{9E3495DB-F8FC-470E-9D3A-95F49AFE3B20}.Debug|Any CPU.ActiveCfg = Debug|Any CPU
		{9E3495DB-F8FC-470E-9D3A-95F49AFE3B20}.Debug|Any CPU.Build.0 = Debug|Any CPU
		{9E3495DB-F8FC-470E-9D3A-95F49AFE3B20}.Release|Any CPU.ActiveCfg = Release|Any CPU
		{9E3495DB-F8FC-470E-9D3A-95F49AFE3B20}.Release|Any CPU.Build.0 = Release|Any CPU
		{0A464FF3-D7FB-4BD7-970D-89AFDF39C6C5}.Debug|Any CPU.ActiveCfg = Debug|Any CPU
		{0A464FF3-D7FB-4BD7-970D-89AFDF39C6C5}.Debug|Any CPU.Build.0 = Debug|Any CPU
		{0A464FF3-D7FB-4BD7-970D-89AFDF39C6C5}.Release|Any CPU.ActiveCfg = Release|Any CPU
		{0A464FF3-D7FB-4BD7-970D-89AFDF39C6C5}.Release|Any CPU.Build.0 = Release|Any CPU
		{6766DFEA-E7CF-4E97-9E11-A43593E08CF1}.Debug|Any CPU.ActiveCfg = Debug|Any CPU
		{6766DFEA-E7CF-4E97-9E11-A43593E08CF1}.Debug|Any CPU.Build.0 = Debug|Any CPU
		{6766DFEA-E7CF-4E97-9E11-A43593E08CF1}.Release|Any CPU.ActiveCfg = Release|Any CPU
		{6766DFEA-E7CF-4E97-9E11-A43593E08CF1}.Release|Any CPU.Build.0 = Release|Any CPU
		{E0148CBB-943D-4101-B95B-A371F70728FE}.Debug|Any CPU.ActiveCfg = Debug|Any CPU
		{E0148CBB-943D-4101-B95B-A371F70728FE}.Debug|Any CPU.Build.0 = Debug|Any CPU
		{E0148CBB-943D-4101-B95B-A371F70728FE}.Release|Any CPU.ActiveCfg = Release|Any CPU
		{E0148CBB-943D-4101-B95B-A371F70728FE}.Release|Any CPU.Build.0 = Release|Any CPU
	EndGlobalSection
	GlobalSection(SolutionProperties) = preSolution
		HideSolutionNode = FALSE
	EndGlobalSection
	GlobalSection(NestedProjects) = preSolution
		{9E8D9462-CFB8-4641-A83E-F3670DC84798} = {D609F9CB-B9D7-4046-8C26-FF2446EEA6F4}
		{CB6970EE-2D40-456E-9D16-D5B336059D74} = {D609F9CB-B9D7-4046-8C26-FF2446EEA6F4}
		{3EE0B291-46EF-40E4-A0F2-DEE367D8F8D5} = {D609F9CB-B9D7-4046-8C26-FF2446EEA6F4}
		{E034C11F-A058-4892-868A-BF11765F8F27} = {D609F9CB-B9D7-4046-8C26-FF2446EEA6F4}
		{E742AE30-1937-40F7-B459-5C3D70D600E6} = {403CBDBD-D89C-4491-8B34-2A0EC9547BF5}
		{BD4E1ACF-8AAF-450F-BAF7-FA7BD65F7100} = {403CBDBD-D89C-4491-8B34-2A0EC9547BF5}
		{9E3495DB-F8FC-470E-9D3A-95F49AFE3B20} = {403CBDBD-D89C-4491-8B34-2A0EC9547BF5}
		{0A464FF3-D7FB-4BD7-970D-89AFDF39C6C5} = {403CBDBD-D89C-4491-8B34-2A0EC9547BF5}
		{6766DFEA-E7CF-4E97-9E11-A43593E08CF1} = {403CBDBD-D89C-4491-8B34-2A0EC9547BF5}
		{E0148CBB-943D-4101-B95B-A371F70728FE} = {403CBDBD-D89C-4491-8B34-2A0EC9547BF5}
	EndGlobalSection
	GlobalSection(ExtensibilityGlobals) = postSolution
		SolutionGuid = {D5AD59A8-7B87-4C7D-9722-B914D9D4046B}
	EndGlobalSection
EndGlobal
