
Microsoft Visual Studio Solution File, Format Version 12.00
# Visual Studio Version 17
VisualStudioVersion = 17.8.34601.278
MinimumVisualStudioVersion = 10.0.40219.1
Project("{9A19103F-16F7-4668-BE54-9A1E7A4F7556}") = "DanCook.Interface", "DanCook.Interface\DanCook.Interface.csproj", "{9E8D9462-CFB8-4641-A83E-F3670DC84798}"
EndProject
Project("{9A19103F-16F7-4668-BE54-9A1E7A4F7556}") = "DanCook.Metier", "DanCook.Metier\DanCook.Metier.csproj", "{CB6970EE-2D40-456E-9D16-D5B336059D74}"
EndProject
Project("{9A19103F-16F7-4668-BE54-9A1E7A4F7556}") = "DanCook.Donnees", "DanCook.Donnees\DanCook.Donnees.csproj", "{3EE0B291-46EF-40E4-A0F2-DEE367D8F8D5}"
EndProject
Project("{9A19103F-16F7-4668-BE54-9A1E7A4F7556}") = "DanCook.Commun", "DanCook.Commun\DanCook.Commun.csproj", "{E034C11F-A058-4892-868A-BF11765F8F27}"
EndProject
Project("{2150E333-8FDC-42A3-9474-1A3956D46DE8}") = "Principal", "Principal", "{D609F9CB-B9D7-4046-8C26-FF2446EEA6F4}"
EndProject
Project("{2150E333-8FDC-42A3-9474-1A3956D46DE8}") = "Cours", "Cours", "{403CBDBD-D89C-4491-8B34-2A0EC9547BF5}"
EndProject
Project("{9A19103F-16F7-4668-BE54-9A1E7A4F7556}") = "1_Static", "1_Static\1_Static.csproj", "{E742AE30-1937-40F7-B459-5C3D70D600E6}"
EndProject
Project("{9A19103F-16F7-4668-BE54-9A1E7A4F7556}") = "2_Enum", "2_Enum\2_Enum.csproj", "{BD4E1ACF-8AAF-450F-BAF7-FA7BD65F7100}"
EndProject
Project("{9A19103F-16F7-4668-BE54-9A1E7A4F7556}") = "3_Type_Valeur_Reference", "4_Demo_Type_Reference\3_Type_Valeur_Reference.csproj", "{9E3495DB-F8FC-470E-9D3A-95F49AFE3B20}"
EndProject
Project("{9A19103F-16F7-4668-BE54-9A1E7A4F7556}") = "4_Accès_aux_données", "4_Accès_aux_données\4_Accès_aux_données.csproj", "{0A464FF3-D7FB-4BD7-970D-89AFDF39C6C5}"
EndProject
Project("{9A19103F-16F7-4668-BE54-9A1E7A4F7556}") = "5_Try_Catch_Finally", "5_Try_Catch\5_Try_Catch_Finally.csproj", "{6766DFEA-E7CF-4E97-9E11-A43593E08CF1}"
EndProject
Project("{9A19103F-16F7-4668-BE54-9A1E7A4F7556}") = "6_Regex", "#6_Regex\6_Regex.csproj", "{E0148CBB-943D-4101-B95B-A371F70728FE}"
EndProject
Project("{2150E333-8FDC-42A3-9474-1A3956D46DE8}") = "M2I", "M2I", "{D5630AE4-B267-4D9F-AB26-2C64437E3780}"
EndProject
Project("{9A19103F-16F7-4668-BE54-9A1E7A4F7556}") = "ConsoleApp1", "ConsoleApp1\ConsoleApp1.csproj", "{8C4E7D02-6CD7-42D5-83FD-6D667BB38376}"
EndProject
Project("{9A19103F-16F7-4668-BE54-9A1E7A4F7556}") = "ConsoleApp2", "ConsoleApp2\ConsoleApp2.csproj", "{DD58920D-C411-49AB-B138-5441ADA6F99D}"
EndProject
Project("{9A19103F-16F7-4668-BE54-9A1E7A4F7556}") = "ConsoleApp3_Exo", "ConsoleApp3_Exo\ConsoleApp3_Exo.csproj", "{B6FF745E-0D86-4B81-9ECF-20B0B4F064B4}"
EndProject
Project("{9A19103F-16F7-4668-BE54-9A1E7A4F7556}") = "ConsoleApp4", "ConsoleApp4\ConsoleApp4.csproj", "{14851DA4-4504-467D-96D0-22349B0BB015}"
EndProject
Project("{9A19103F-16F7-4668-BE54-9A1E7A4F7556}") = "ConsoleApp5", "ConsoleApp5\ConsoleApp5.csproj", "{D23765B8-25D5-4CF2-81FD-83B8B3CE8D29}"
EndProject
Project("{9A19103F-16F7-4668-BE54-9A1E7A4F7556}") = "ConsoleApp6_Exo2", "ConsoleApp6_Exo2\ConsoleApp6_Exo2.csproj", "{8C31A4B2-2082-4C49-AEA7-C0D17224FE29}"
EndProject
Project("{9A19103F-16F7-4668-BE54-9A1E7A4F7556}") = "ConsoleApp7", "ConsoleApp7\ConsoleApp7.csproj", "{F6F5A21B-00E8-4105-9719-405EF8225356}"
EndProject
Project("{9A19103F-16F7-4668-BE54-9A1E7A4F7556}") = "ConsoleApp8", "ConsoleApp8\ConsoleApp8.csproj", "{48FB0EA8-D9CC-4C6E-85F6-9E55A4A96774}"
EndProject
Project("{9A19103F-16F7-4668-BE54-9A1E7A4F7556}") = "ConsoleApp9", "ConsoleApp9\ConsoleApp9.csproj", "{E4CCCDDF-AB4F-4353-9252-85E0B1DB0699}"
EndProject
Project("{9A19103F-16F7-4668-BE54-9A1E7A4F7556}") = "ConsoleAppA", "ConsoleAppA\ConsoleAppA.csproj", "{3820F9B3-50C6-41CB-AC9C-6805D252A303}"
EndProject
Project("{9A19103F-16F7-4668-BE54-9A1E7A4F7556}") = "ConsoleAppB", "ConsoleAppB\ConsoleAppB.csproj", "{03A9AAD6-833D-4003-9BBA-49383550B70A}"
EndProject
Project("{9A19103F-16F7-4668-BE54-9A1E7A4F7556}") = "ConsoleAppC", "ConsoleAppC\ConsoleAppC.csproj", "{4EADEEDE-E976-479D-95B7-09DCB3E90A11}"
EndProject
Project("{9A19103F-16F7-4668-BE54-9A1E7A4F7556}") = "ConsoleAppD", "ConsoleAppD\ConsoleAppD.csproj", "{B673B1BB-C17A-4C8C-AFBE-B4B3E3510062}"
EndProject
Project("{FAE04EC0-301F-11D3-BF4B-00C04F79EFBC}") = "ConsoleAppD2", "ConsoleAppD2\ConsoleAppD2.csproj", "{3F5775AD-5326-479A-833F-FB350F54D773}"
EndProject
Global
	GlobalSection(SolutionConfigurationPlatforms) = preSolution
		Debug|Any CPU = Debug|Any CPU
		Release|Any CPU = Release|Any CPU
	EndGlobalSection
	GlobalSection(ProjectConfigurationPlatforms) = postSolution
		{9E8D9462-CFB8-4641-A83E-F3670DC84798}.Debug|Any CPU.ActiveCfg = Debug|Any CPU
		{9E8D9462-CFB8-4641-A83E-F3670DC84798}.Debug|Any CPU.Build.0 = Debug|Any CPU
		{9E8D9462-CFB8-4641-A83E-F3670DC84798}.Release|Any CPU.ActiveCfg = Release|Any CPU
		{9E8D9462-CFB8-4641-A83E-F3670DC84798}.Release|Any CPU.Build.0 = Release|Any CPU
		{CB6970EE-2D40-456E-9D16-D5B336059D74}.Debug|Any CPU.ActiveCfg = Debug|Any CPU
		{CB6970EE-2D40-456E-9D16-D5B336059D74}.Debug|Any CPU.Build.0 = Debug|Any CPU
		{CB6970EE-2D40-456E-9D16-D5B336059D74}.Release|Any CPU.ActiveCfg = Release|Any CPU
		{CB6970EE-2D40-456E-9D16-D5B336059D74}.Release|Any CPU.Build.0 = Release|Any CPU
		{3EE0B291-46EF-40E4-A0F2-DEE367D8F8D5}.Debug|Any CPU.ActiveCfg = Debug|Any CPU
		{3EE0B291-46EF-40E4-A0F2-DEE367D8F8D5}.Debug|Any CPU.Build.0 = Debug|Any CPU
		{3EE0B291-46EF-40E4-A0F2-DEE367D8F8D5}.Release|Any CPU.ActiveCfg = Release|Any CPU
		{3EE0B291-46EF-40E4-A0F2-DEE367D8F8D5}.Release|Any CPU.Build.0 = Release|Any CPU
		{E034C11F-A058-4892-868A-BF11765F8F27}.Debug|Any CPU.ActiveCfg = Debug|Any CPU
		{E034C11F-A058-4892-868A-BF11765F8F27}.Debug|Any CPU.Build.0 = Debug|Any CPU
		{E034C11F-A058-4892-868A-BF11765F8F27}.Release|Any CPU.ActiveCfg = Release|Any CPU
		{E034C11F-A058-4892-868A-BF11765F8F27}.Release|Any CPU.Build.0 = Release|Any CPU
		{E742AE30-1937-40F7-B459-5C3D70D600E6}.Debug|Any CPU.ActiveCfg = Debug|Any CPU
		{E742AE30-1937-40F7-B459-5C3D70D600E6}.Debug|Any CPU.Build.0 = Debug|Any CPU
		{E742AE30-1937-40F7-B459-5C3D70D600E6}.Release|Any CPU.ActiveCfg = Release|Any CPU
		{E742AE30-1937-40F7-B459-5C3D70D600E6}.Release|Any CPU.Build.0 = Release|Any CPU
		{BD4E1ACF-8AAF-450F-BAF7-FA7BD65F7100}.Debug|Any CPU.ActiveCfg = Debug|Any CPU
		{BD4E1ACF-8AAF-450F-BAF7-FA7BD65F7100}.Debug|Any CPU.Build.0 = Debug|Any CPU
		{BD4E1ACF-8AAF-450F-BAF7-FA7BD65F7100}.Release|Any CPU.ActiveCfg = Release|Any CPU
		{BD4E1ACF-8AAF-450F-BAF7-FA7BD65F7100}.Release|Any CPU.Build.0 = Release|Any CPU
		{9E3495DB-F8FC-470E-9D3A-95F49AFE3B20}.Debug|Any CPU.ActiveCfg = Debug|Any CPU
		{9E3495DB-F8FC-470E-9D3A-95F49AFE3B20}.Debug|Any CPU.Build.0 = Debug|Any CPU
		{9E3495DB-F8FC-470E-9D3A-95F49AFE3B20}.Release|Any CPU.ActiveCfg = Release|Any CPU
		{9E3495DB-F8FC-470E-9D3A-95F49AFE3B20}.Release|Any CPU.Build.0 = Release|Any CPU
		{0A464FF3-D7FB-4BD7-970D-89AFDF39C6C5}.Debug|Any CPU.ActiveCfg = Debug|Any CPU
		{0A464FF3-D7FB-4BD7-970D-89AFDF39C6C5}.Debug|Any CPU.Build.0 = Debug|Any CPU
		{0A464FF3-D7FB-4BD7-970D-89AFDF39C6C5}.Release|Any CPU.ActiveCfg = Release|Any CPU
		{0A464FF3-D7FB-4BD7-970D-89AFDF39C6C5}.Release|Any CPU.Build.0 = Release|Any CPU
		{6766DFEA-E7CF-4E97-9E11-A43593E08CF1}.Debug|Any CPU.ActiveCfg = Debug|Any CPU
		{6766DFEA-E7CF-4E97-9E11-A43593E08CF1}.Debug|Any CPU.Build.0 = Debug|Any CPU
		{6766DFEA-E7CF-4E97-9E11-A43593E08CF1}.Release|Any CPU.ActiveCfg = Release|Any CPU
		{6766DFEA-E7CF-4E97-9E11-A43593E08CF1}.Release|Any CPU.Build.0 = Release|Any CPU
		{E0148CBB-943D-4101-B95B-A371F70728FE}.Debug|Any CPU.ActiveCfg = Debug|Any CPU
		{E0148CBB-943D-4101-B95B-A371F70728FE}.Debug|Any CPU.Build.0 = Debug|Any CPU
		{E0148CBB-943D-4101-B95B-A371F70728FE}.Release|Any CPU.ActiveCfg = Release|Any CPU
		{E0148CBB-943D-4101-B95B-A371F70728FE}.Release|Any CPU.Build.0 = Release|Any CPU
		{8C4E7D02-6CD7-42D5-83FD-6D667BB38376}.Debug|Any CPU.ActiveCfg = Debug|Any CPU
		{8C4E7D02-6CD7-42D5-83FD-6D667BB38376}.Debug|Any CPU.Build.0 = Debug|Any CPU
		{8C4E7D02-6CD7-42D5-83FD-6D667BB38376}.Release|Any CPU.ActiveCfg = Release|Any CPU
		{8C4E7D02-6CD7-42D5-83FD-6D667BB38376}.Release|Any CPU.Build.0 = Release|Any CPU
		{DD58920D-C411-49AB-B138-5441ADA6F99D}.Debug|Any CPU.ActiveCfg = Debug|Any CPU
		{DD58920D-C411-49AB-B138-5441ADA6F99D}.Debug|Any CPU.Build.0 = Debug|Any CPU
		{DD58920D-C411-49AB-B138-5441ADA6F99D}.Release|Any CPU.ActiveCfg = Release|Any CPU
		{DD58920D-C411-49AB-B138-5441ADA6F99D}.Release|Any CPU.Build.0 = Release|Any CPU
		{B6FF745E-0D86-4B81-9ECF-20B0B4F064B4}.Debug|Any CPU.ActiveCfg = Debug|Any CPU
		{B6FF745E-0D86-4B81-9ECF-20B0B4F064B4}.Debug|Any CPU.Build.0 = Debug|Any CPU
		{B6FF745E-0D86-4B81-9ECF-20B0B4F064B4}.Release|Any CPU.ActiveCfg = Release|Any CPU
		{B6FF745E-0D86-4B81-9ECF-20B0B4F064B4}.Release|Any CPU.Build.0 = Release|Any CPU
		{14851DA4-4504-467D-96D0-22349B0BB015}.Debug|Any CPU.ActiveCfg = Debug|Any CPU
		{14851DA4-4504-467D-96D0-22349B0BB015}.Debug|Any CPU.Build.0 = Debug|Any CPU
		{14851DA4-4504-467D-96D0-22349B0BB015}.Release|Any CPU.ActiveCfg = Release|Any CPU
		{14851DA4-4504-467D-96D0-22349B0BB015}.Release|Any CPU.Build.0 = Release|Any CPU
		{D23765B8-25D5-4CF2-81FD-83B8B3CE8D29}.Debug|Any CPU.ActiveCfg = Debug|Any CPU
		{D23765B8-25D5-4CF2-81FD-83B8B3CE8D29}.Debug|Any CPU.Build.0 = Debug|Any CPU
		{D23765B8-25D5-4CF2-81FD-83B8B3CE8D29}.Release|Any CPU.ActiveCfg = Release|Any CPU
		{D23765B8-25D5-4CF2-81FD-83B8B3CE8D29}.Release|Any CPU.Build.0 = Release|Any CPU
		{8C31A4B2-2082-4C49-AEA7-C0D17224FE29}.Debug|Any CPU.ActiveCfg = Debug|Any CPU
		{8C31A4B2-2082-4C49-AEA7-C0D17224FE29}.Debug|Any CPU.Build.0 = Debug|Any CPU
		{8C31A4B2-2082-4C49-AEA7-C0D17224FE29}.Release|Any CPU.ActiveCfg = Release|Any CPU
		{8C31A4B2-2082-4C49-AEA7-C0D17224FE29}.Release|Any CPU.Build.0 = Release|Any CPU
		{F6F5A21B-00E8-4105-9719-405EF8225356}.Debug|Any CPU.ActiveCfg = Debug|Any CPU
		{F6F5A21B-00E8-4105-9719-405EF8225356}.Debug|Any CPU.Build.0 = Debug|Any CPU
		{F6F5A21B-00E8-4105-9719-405EF8225356}.Release|Any CPU.ActiveCfg = Release|Any CPU
		{F6F5A21B-00E8-4105-9719-405EF8225356}.Release|Any CPU.Build.0 = Release|Any CPU
		{48FB0EA8-D9CC-4C6E-85F6-9E55A4A96774}.Debug|Any CPU.ActiveCfg = Debug|Any CPU
		{48FB0EA8-D9CC-4C6E-85F6-9E55A4A96774}.Debug|Any CPU.Build.0 = Debug|Any CPU
		{48FB0EA8-D9CC-4C6E-85F6-9E55A4A96774}.Release|Any CPU.ActiveCfg = Release|Any CPU
		{48FB0EA8-D9CC-4C6E-85F6-9E55A4A96774}.Release|Any CPU.Build.0 = Release|Any CPU
		{E4CCCDDF-AB4F-4353-9252-85E0B1DB0699}.Debug|Any CPU.ActiveCfg = Debug|Any CPU
		{E4CCCDDF-AB4F-4353-9252-85E0B1DB0699}.Debug|Any CPU.Build.0 = Debug|Any CPU
		{E4CCCDDF-AB4F-4353-9252-85E0B1DB0699}.Release|Any CPU.ActiveCfg = Release|Any CPU
		{E4CCCDDF-AB4F-4353-9252-85E0B1DB0699}.Release|Any CPU.Build.0 = Release|Any CPU
		{3820F9B3-50C6-41CB-AC9C-6805D252A303}.Debug|Any CPU.ActiveCfg = Debug|Any CPU
		{3820F9B3-50C6-41CB-AC9C-6805D252A303}.Debug|Any CPU.Build.0 = Debug|Any CPU
		{3820F9B3-50C6-41CB-AC9C-6805D252A303}.Release|Any CPU.ActiveCfg = Release|Any CPU
		{3820F9B3-50C6-41CB-AC9C-6805D252A303}.Release|Any CPU.Build.0 = Release|Any CPU
		{03A9AAD6-833D-4003-9BBA-49383550B70A}.Debug|Any CPU.ActiveCfg = Debug|Any CPU
		{03A9AAD6-833D-4003-9BBA-49383550B70A}.Debug|Any CPU.Build.0 = Debug|Any CPU
		{03A9AAD6-833D-4003-9BBA-49383550B70A}.Release|Any CPU.ActiveCfg = Release|Any CPU
		{03A9AAD6-833D-4003-9BBA-49383550B70A}.Release|Any CPU.Build.0 = Release|Any CPU
		{4EADEEDE-E976-479D-95B7-09DCB3E90A11}.Debug|Any CPU.ActiveCfg = Debug|Any CPU
		{4EADEEDE-E976-479D-95B7-09DCB3E90A11}.Debug|Any CPU.Build.0 = Debug|Any CPU
		{4EADEEDE-E976-479D-95B7-09DCB3E90A11}.Release|Any CPU.ActiveCfg = Release|Any CPU
		{4EADEEDE-E976-479D-95B7-09DCB3E90A11}.Release|Any CPU.Build.0 = Release|Any CPU
		{B673B1BB-C17A-4C8C-AFBE-B4B3E3510062}.Debug|Any CPU.ActiveCfg = Debug|Any CPU
		{B673B1BB-C17A-4C8C-AFBE-B4B3E3510062}.Debug|Any CPU.Build.0 = Debug|Any CPU
		{B673B1BB-C17A-4C8C-AFBE-B4B3E3510062}.Release|Any CPU.ActiveCfg = Release|Any CPU
		{B673B1BB-C17A-4C8C-AFBE-B4B3E3510062}.Release|Any CPU.Build.0 = Release|Any CPU
		{3F5775AD-5326-479A-833F-FB350F54D773}.Debug|Any CPU.ActiveCfg = Debug|Any CPU
		{3F5775AD-5326-479A-833F-FB350F54D773}.Debug|Any CPU.Build.0 = Debug|Any CPU
		{3F5775AD-5326-479A-833F-FB350F54D773}.Release|Any CPU.ActiveCfg = Release|Any CPU
		{3F5775AD-5326-479A-833F-FB350F54D773}.Release|Any CPU.Build.0 = Release|Any CPU
	EndGlobalSection
	GlobalSection(SolutionProperties) = preSolution
		HideSolutionNode = FALSE
	EndGlobalSection
	GlobalSection(NestedProjects) = preSolution
		{9E8D9462-CFB8-4641-A83E-F3670DC84798} = {D609F9CB-B9D7-4046-8C26-FF2446EEA6F4}
		{CB6970EE-2D40-456E-9D16-D5B336059D74} = {D609F9CB-B9D7-4046-8C26-FF2446EEA6F4}
		{3EE0B291-46EF-40E4-A0F2-DEE367D8F8D5} = {D609F9CB-B9D7-4046-8C26-FF2446EEA6F4}
		{E034C11F-A058-4892-868A-BF11765F8F27} = {D609F9CB-B9D7-4046-8C26-FF2446EEA6F4}
		{E742AE30-1937-40F7-B459-5C3D70D600E6} = {403CBDBD-D89C-4491-8B34-2A0EC9547BF5}
		{BD4E1ACF-8AAF-450F-BAF7-FA7BD65F7100} = {403CBDBD-D89C-4491-8B34-2A0EC9547BF5}
		{9E3495DB-F8FC-470E-9D3A-95F49AFE3B20} = {403CBDBD-D89C-4491-8B34-2A0EC9547BF5}
		{0A464FF3-D7FB-4BD7-970D-89AFDF39C6C5} = {403CBDBD-D89C-4491-8B34-2A0EC9547BF5}
		{6766DFEA-E7CF-4E97-9E11-A43593E08CF1} = {403CBDBD-D89C-4491-8B34-2A0EC9547BF5}
		{E0148CBB-943D-4101-B95B-A371F70728FE} = {403CBDBD-D89C-4491-8B34-2A0EC9547BF5}
		{8C4E7D02-6CD7-42D5-83FD-6D667BB38376} = {D5630AE4-B267-4D9F-AB26-2C64437E3780}
		{DD58920D-C411-49AB-B138-5441ADA6F99D} = {D5630AE4-B267-4D9F-AB26-2C64437E3780}
		{B6FF745E-0D86-4B81-9ECF-20B0B4F064B4} = {D5630AE4-B267-4D9F-AB26-2C64437E3780}
		{14851DA4-4504-467D-96D0-22349B0BB015} = {D5630AE4-B267-4D9F-AB26-2C64437E3780}
		{D23765B8-25D5-4CF2-81FD-83B8B3CE8D29} = {D5630AE4-B267-4D9F-AB26-2C64437E3780}
		{8C31A4B2-2082-4C49-AEA7-C0D17224FE29} = {D5630AE4-B267-4D9F-AB26-2C64437E3780}
		{F6F5A21B-00E8-4105-9719-405EF8225356} = {D5630AE4-B267-4D9F-AB26-2C64437E3780}
		{48FB0EA8-D9CC-4C6E-85F6-9E55A4A96774} = {D5630AE4-B267-4D9F-AB26-2C64437E3780}
		{E4CCCDDF-AB4F-4353-9252-85E0B1DB0699} = {D5630AE4-B267-4D9F-AB26-2C64437E3780}
		{3820F9B3-50C6-41CB-AC9C-6805D252A303} = {D5630AE4-B267-4D9F-AB26-2C64437E3780}
		{03A9AAD6-833D-4003-9BBA-49383550B70A} = {D5630AE4-B267-4D9F-AB26-2C64437E3780}
		{4EADEEDE-E976-479D-95B7-09DCB3E90A11} = {D5630AE4-B267-4D9F-AB26-2C64437E3780}
		{B673B1BB-C17A-4C8C-AFBE-B4B3E3510062} = {D5630AE4-B267-4D9F-AB26-2C64437E3780}
		{3F5775AD-5326-479A-833F-FB350F54D773} = {D5630AE4-B267-4D9F-AB26-2C64437E3780}
	EndGlobalSection
	GlobalSection(ExtensibilityGlobals) = postSolution
		SolutionGuid = {D5AD59A8-7B87-4C7D-9722-B914D9D4046B}
	EndGlobalSection
EndGlobal
